// !$*UTF8*$!
{
	archiveVersion = 1;
	classes = {
	};
	objectVersion = 48;
	objects = {

/* Begin PBXBuildFile section */
		6E238EB8201FFF5200E88FBE /* AppDelegate.m in Sources */ = {isa = PBXBuildFile; fileRef = 6E238EB7201FFF5200E88FBE /* AppDelegate.m */; };
		6E238EBB201FFF5200E88FBE /* ViewController.m in Sources */ = {isa = PBXBuildFile; fileRef = 6E238EBA201FFF5200E88FBE /* ViewController.m */; };
		6E238EBE201FFF5200E88FBE /* Main.storyboard in Resources */ = {isa = PBXBuildFile; fileRef = 6E238EBC201FFF5200E88FBE /* Main.storyboard */; };
		6E238EC0201FFF5200E88FBE /* Assets.xcassets in Resources */ = {isa = PBXBuildFile; fileRef = 6E238EBF201FFF5200E88FBE /* Assets.xcassets */; };
		6E238EC3201FFF5200E88FBE /* LaunchScreen.storyboard in Resources */ = {isa = PBXBuildFile; fileRef = 6E238EC1201FFF5200E88FBE /* LaunchScreen.storyboard */; };
		6E238EC6201FFF5200E88FBE /* main.m in Sources */ = {isa = PBXBuildFile; fileRef = 6E238EC5201FFF5200E88FBE /* main.m */; };
		6E238ED4201FFFB200E88FBE /* CallDirectoryHandler.m in Sources */ = {isa = PBXBuildFile; fileRef = 6E238ED3201FFFB200E88FBE /* CallDirectoryHandler.m */; };
		6E238ED8201FFFB200E88FBE /* callExtension.appex in Embed App Extensions */ = {isa = PBXBuildFile; fileRef = 6E238ED0201FFFB200E88FBE /* callExtension.appex */; settings = {ATTRIBUTES = (RemoveHeadersOnCopy, ); }; };
		6E238EDF2020030500E88FBE /* CallKit.framework in Frameworks */ = {isa = PBXBuildFile; fileRef = 6E238EDE2020030500E88FBE /* CallKit.framework */; };
/* End PBXBuildFile section */

/* Begin PBXContainerItemProxy section */
		6E238ED6201FFFB200E88FBE /* PBXContainerItemProxy */ = {
			isa = PBXContainerItemProxy;
			containerPortal = 6E238EAB201FFF5200E88FBE /* Project object */;
			proxyType = 1;
			remoteGlobalIDString = 6E238ECF201FFFB200E88FBE;
			remoteInfo = callExtension;
		};
/* End PBXContainerItemProxy section */

/* Begin PBXCopyFilesBuildPhase section */
		6E238EDC201FFFB200E88FBE /* Embed App Extensions */ = {
			isa = PBXCopyFilesBuildPhase;
			buildActionMask = 2147483647;
			dstPath = "";
			dstSubfolderSpec = 13;
			files = (
				6E238ED8201FFFB200E88FBE /* callExtension.appex in Embed App Extensions */,
			);
			name = "Embed App Extensions";
			runOnlyForDeploymentPostprocessing = 0;
		};
/* End PBXCopyFilesBuildPhase section */

/* Begin PBXFileReference section */
		6E238EB3201FFF5200E88FBE /* callkitdemo.app */ = {isa = PBXFileReference; explicitFileType = wrapper.application; includeInIndex = 0; path = callkitdemo.app; sourceTree = BUILT_PRODUCTS_DIR; };
		6E238EB6201FFF5200E88FBE /* AppDelegate.h */ = {isa = PBXFileReference; lastKnownFileType = sourcecode.c.h; path = AppDelegate.h; sourceTree = "<group>"; };
		6E238EB7201FFF5200E88FBE /* AppDelegate.m */ = {isa = PBXFileReference; lastKnownFileType = sourcecode.c.objc; path = AppDelegate.m; sourceTree = "<group>"; };
		6E238EB9201FFF5200E88FBE /* ViewController.h */ = {isa = PBXFileReference; lastKnownFileType = sourcecode.c.h; path = ViewController.h; sourceTree = "<group>"; };
		6E238EBA201FFF5200E88FBE /* ViewController.m */ = {isa = PBXFileReference; lastKnownFileType = sourcecode.c.objc; path = ViewController.m; sourceTree = "<group>"; };
		6E238EBD201FFF5200E88FBE /* Base */ = {isa = PBXFileReference; lastKnownFileType = file.storyboard; name = Base; path = Base.lproj/Main.storyboard; sourceTree = "<group>"; };
		6E238EBF201FFF5200E88FBE /* Assets.xcassets */ = {isa = PBXFileReference; lastKnownFileType = folder.assetcatalog; path = Assets.xcassets; sourceTree = "<group>"; };
		6E238EC2201FFF5200E88FBE /* Base */ = {isa = PBXFileReference; lastKnownFileType = file.storyboard; name = Base; path = Base.lproj/LaunchScreen.storyboard; sourceTree = "<group>"; };
		6E238EC4201FFF5200E88FBE /* Info.plist */ = {isa = PBXFileReference; lastKnownFileType = text.plist.xml; path = Info.plist; sourceTree = "<group>"; };
		6E238EC5201FFF5200E88FBE /* main.m */ = {isa = PBXFileReference; lastKnownFileType = sourcecode.c.objc; path = main.m; sourceTree = "<group>"; };
		6E238ED0201FFFB200E88FBE /* callExtension.appex */ = {isa = PBXFileReference; explicitFileType = "wrapper.app-extension"; includeInIndex = 0; path = callExtension.appex; sourceTree = BUILT_PRODUCTS_DIR; };
		6E238ED2201FFFB200E88FBE /* CallDirectoryHandler.h */ = {isa = PBXFileReference; lastKnownFileType = sourcecode.c.h; path = CallDirectoryHandler.h; sourceTree = "<group>"; };
		6E238ED3201FFFB200E88FBE /* CallDirectoryHandler.m */ = {isa = PBXFileReference; lastKnownFileType = sourcecode.c.objc; path = CallDirectoryHandler.m; sourceTree = "<group>"; };
		6E238ED5201FFFB200E88FBE /* Info.plist */ = {isa = PBXFileReference; lastKnownFileType = text.plist.xml; path = Info.plist; sourceTree = "<group>"; };
		6E238EDE2020030500E88FBE /* CallKit.framework */ = {isa = PBXFileReference; lastKnownFileType = wrapper.framework; name = CallKit.framework; path = System/Library/Frameworks/CallKit.framework; sourceTree = SDKROOT; };
/* End PBXFileReference section */

/* Begin PBXFrameworksBuildPhase section */
		6E238EB0201FFF5200E88FBE /* Frameworks */ = {
			isa = PBXFrameworksBuildPhase;
			buildActionMask = 2147483647;
			files = (
			);
			runOnlyForDeploymentPostprocessing = 0;
		};
		6E238ECD201FFFB200E88FBE /* Frameworks */ = {
			isa = PBXFrameworksBuildPhase;
			buildActionMask = 2147483647;
			files = (
				6E238EDF2020030500E88FBE /* CallKit.framework in Frameworks */,
			);
			runOnlyForDeploymentPostprocessing = 0;
		};
/* End PBXFrameworksBuildPhase section */

/* Begin PBXGroup section */
		6E238EAA201FFF5200E88FBE = {
			isa = PBXGroup;
			children = (
				6E238EB5201FFF5200E88FBE /* callkitdemo */,
				6E238ED1201FFFB200E88FBE /* callExtension */,
				6E238EB4201FFF5200E88FBE /* Products */,
				6E238EDD2020030500E88FBE /* Frameworks */,
			);
			sourceTree = "<group>";
		};
		6E238EB4201FFF5200E88FBE /* Products */ = {
			isa = PBXGroup;
			children = (
				6E238EB3201FFF5200E88FBE /* callkitdemo.app */,
				6E238ED0201FFFB200E88FBE /* callExtension.appex */,
			);
			name = Products;
			sourceTree = "<group>";
		};
		6E238EB5201FFF5200E88FBE /* callkitdemo */ = {
			isa = PBXGroup;
			children = (
				6E238EB6201FFF5200E88FBE /* AppDelegate.h */,
				6E238EB7201FFF5200E88FBE /* AppDelegate.m */,
				6E238EB9201FFF5200E88FBE /* ViewController.h */,
				6E238EBA201FFF5200E88FBE /* ViewController.m */,
				6E238EBC201FFF5200E88FBE /* Main.storyboard */,
				6E238EBF201FFF5200E88FBE /* Assets.xcassets */,
				6E238EC1201FFF5200E88FBE /* LaunchScreen.storyboard */,
				6E238EC4201FFF5200E88FBE /* Info.plist */,
				6E238EC5201FFF5200E88FBE /* main.m */,
			);
			path = callkitdemo;
			sourceTree = "<group>";
		};
		6E238ED1201FFFB200E88FBE /* callExtension */ = {
			isa = PBXGroup;
			children = (
				6E238ED2201FFFB200E88FBE /* CallDirectoryHandler.h */,
				6E238ED3201FFFB200E88FBE /* CallDirectoryHandler.m */,
				6E238ED5201FFFB200E88FBE /* Info.plist */,
			);
			path = callExtension;
			sourceTree = "<group>";
		};
		6E238EDD2020030500E88FBE /* Frameworks */ = {
			isa = PBXGroup;
			children = (
				6E238EDE2020030500E88FBE /* CallKit.framework */,
			);
			name = Frameworks;
			sourceTree = "<group>";
		};
/* End PBXGroup section */

/* Begin PBXNativeTarget section */
		6E238EB2201FFF5200E88FBE /* callkitdemo */ = {
			isa = PBXNativeTarget;
			buildConfigurationList = 6E238EC9201FFF5200E88FBE /* Build configuration list for PBXNativeTarget "callkitdemo" */;
			buildPhases = (
				6E238EAF201FFF5200E88FBE /* Sources */,
				6E238EB0201FFF5200E88FBE /* Frameworks */,
				6E238EB1201FFF5200E88FBE /* Resources */,
				6E238EDC201FFFB200E88FBE /* Embed App Extensions */,
			);
			buildRules = (
			);
			dependencies = (
				6E238ED7201FFFB200E88FBE /* PBXTargetDependency */,
			);
			name = callkitdemo;
			productName = callkitdemo;
			productReference = 6E238EB3201FFF5200E88FBE /* callkitdemo.app */;
			productType = "com.apple.product-type.application";
		};
		6E238ECF201FFFB200E88FBE /* callExtension */ = {
			isa = PBXNativeTarget;
			buildConfigurationList = 6E238ED9201FFFB200E88FBE /* Build configuration list for PBXNativeTarget "callExtension" */;
			buildPhases = (
				6E238ECC201FFFB200E88FBE /* Sources */,
				6E238ECD201FFFB200E88FBE /* Frameworks */,
				6E238ECE201FFFB200E88FBE /* Resources */,
			);
			buildRules = (
			);
			dependencies = (
			);
			name = callExtension;
			productName = callExtension;
			productReference = 6E238ED0201FFFB200E88FBE /* callExtension.appex */;
			productType = "com.apple.product-type.app-extension";
		};
/* End PBXNativeTarget section */

/* Begin PBXProject section */
		6E238EAB201FFF5200E88FBE /* Project object */ = {
			isa = PBXProject;
			attributes = {
				LastUpgradeCheck = 0920;
				ORGANIZATIONNAME = wanglijun;
				TargetAttributes = {
					6E238EB2201FFF5200E88FBE = {
						CreatedOnToolsVersion = 9.2;
						ProvisioningStyle = Automatic;
					};
					6E238ECF201FFFB200E88FBE = {
						CreatedOnToolsVersion = 9.2;
						ProvisioningStyle = Automatic;
					};
				};
			};
			buildConfigurationList = 6E238EAE201FFF5200E88FBE /* Build configuration list for PBXProject "callkitdemo" */;
			compatibilityVersion = "Xcode 8.0";
			developmentRegion = en;
			hasScannedForEncodings = 0;
			knownRegions = (
				en,
				Base,
			);
			mainGroup = 6E238EAA201FFF5200E88FBE;
			productRefGroup = 6E238EB4201FFF5200E88FBE /* Products */;
			projectDirPath = "";
			projectRoot = "";
			targets = (
				6E238EB2201FFF5200E88FBE /* callkitdemo */,
				6E238ECF201FFFB200E88FBE /* callExtension */,
			);
		};
/* End PBXProject section */

/* Begin PBXResourcesBuildPhase section */
		6E238EB1201FFF5200E88FBE /* Resources */ = {
			isa = PBXResourcesBuildPhase;
			buildActionMask = 2147483647;
			files = (
				6E238EC3201FFF5200E88FBE /* LaunchScreen.storyboard in Resources */,
				6E238EC0201FFF5200E88FBE /* Assets.xcassets in Resources */,
				6E238EBE201FFF5200E88FBE /* Main.storyboard in Resources */,
			);
			runOnlyForDeploymentPostprocessing = 0;
		};
		6E238ECE201FFFB200E88FBE /* Resources */ = {
			isa = PBXResourcesBuildPhase;
			buildActionMask = 2147483647;
			files = (
			);
			runOnlyForDeploymentPostprocessing = 0;
		};
/* End PBXResourcesBuildPhase section */

/* Begin PBXSourcesBuildPhase section */
		6E238EAF201FFF5200E88FBE /* Sources */ = {
			isa = PBXSourcesBuildPhase;
			buildActionMask = 2147483647;
			files = (
				6E238EBB201FFF5200E88FBE /* ViewController.m in Sources */,
				6E238EC6201FFF5200E88FBE /* main.m in Sources */,
				6E238EB8201FFF5200E88FBE /* AppDelegate.m in Sources */,
			);
			runOnlyForDeploymentPostprocessing = 0;
		};
		6E238ECC201FFFB200E88FBE /* Sources */ = {
			isa = PBXSourcesBuildPhase;
			buildActionMask = 2147483647;
			files = (
				6E238ED4201FFFB200E88FBE /* CallDirectoryHandler.m in Sources */,
			);
			runOnlyForDeploymentPostprocessing = 0;
		};
/* End PBXSourcesBuildPhase section */

/* Begin PBXTargetDependency section */
		6E238ED7201FFFB200E88FBE /* PBXTargetDependency */ = {
			isa = PBXTargetDependency;
			target = 6E238ECF201FFFB200E88FBE /* callExtension */;
			targetProxy = 6E238ED6201FFFB200E88FBE /* PBXContainerItemProxy */;
		};
/* End PBXTargetDependency section */

/* Begin PBXVariantGroup section */
		6E238EBC201FFF5200E88FBE /* Main.storyboard */ = {
			isa = PBXVariantGroup;
			children = (
				6E238EBD201FFF5200E88FBE /* Base */,
			);
			name = Main.storyboard;
			sourceTree = "<group>";
		};
		6E238EC1201FFF5200E88FBE /* LaunchScreen.storyboard */ = {
			isa = PBXVariantGroup;
			children = (
				6E238EC2201FFF5200E88FBE /* Base */,
			);
			name = LaunchScreen.storyboard;
			sourceTree = "<group>";
		};
/* End PBXVariantGroup section */

/* Begin XCBuildConfiguration section */
		6E238EC7201FFF5200E88FBE /* Debug */ = {
			isa = XCBuildConfiguration;
			buildSettings = {
				ALWAYS_SEARCH_USER_PATHS = NO;
				CLANG_ANALYZER_NONNULL = YES;
				CLANG_ANALYZER_NUMBER_OBJECT_CONVERSION = YES_AGGRESSIVE;
				CLANG_CXX_LANGUAGE_STANDARD = "gnu++14";
				CLANG_CXX_LIBRARY = "libc++";
				CLANG_ENABLE_MODULES = YES;
				CLANG_ENABLE_OBJC_ARC = YES;
				CLANG_WARN_BLOCK_CAPTURE_AUTORELEASING = YES;
				CLANG_WARN_BOOL_CONVERSION = YES;
				CLANG_WARN_COMMA = YES;
				CLANG_WARN_CONSTANT_CONVERSION = YES;
				CLANG_WARN_DIRECT_OBJC_ISA_USAGE = YES_ERROR;
				CLANG_WARN_DOCUMENTATION_COMMENTS = YES;
				CLANG_WARN_EMPTY_BODY = YES;
				CLANG_WARN_ENUM_CONVERSION = YES;
				CLANG_WARN_INFINITE_RECURSION = YES;
				CLANG_WARN_INT_CONVERSION = YES;
				CLANG_WARN_NON_LITERAL_NULL_CONVERSION = YES;
				CLANG_WARN_OBJC_LITERAL_CONVERSION = YES;
				CLANG_WARN_OBJC_ROOT_CLASS = YES_ERROR;
				CLANG_WARN_RANGE_LOOP_ANALYSIS = YES;
				CLANG_WARN_STRICT_PROTOTYPES = YES;
				CLANG_WARN_SUSPICIOUS_MOVE = YES;
				CLANG_WARN_UNGUARDED_AVAILABILITY = YES_AGGRESSIVE;
				CLANG_WARN_UNREACHABLE_CODE = YES;
				CLANG_WARN__DUPLICATE_METHOD_MATCH = YES;
				CODE_SIGN_IDENTITY = "iPhone Developer";
				COPY_PHASE_STRIP = NO;
				DEBUG_INFORMATION_FORMAT = dwarf;
				ENABLE_STRICT_OBJC_MSGSEND = YES;
				ENABLE_TESTABILITY = YES;
				GCC_C_LANGUAGE_STANDARD = gnu11;
				GCC_DYNAMIC_NO_PIC = NO;
				GCC_NO_COMMON_BLOCKS = YES;
				GCC_OPTIMIZATION_LEVEL = 0;
				GCC_PREPROCESSOR_DEFINITIONS = (
					"DEBUG=1",
					"$(inherited)",
				);
				GCC_WARN_64_TO_32_BIT_CONVERSION = YES;
				GCC_WARN_ABOUT_RETURN_TYPE = YES_ERROR;
				GCC_WARN_UNDECLARED_SELECTOR = YES;
				GCC_WARN_UNINITIALIZED_AUTOS = YES_AGGRESSIVE;
				GCC_WARN_UNUSED_FUNCTION = YES;
				GCC_WARN_UNUSED_VARIABLE = YES;
				IPHONEOS_DEPLOYMENT_TARGET = 11.2;
				MTL_ENABLE_DEBUG_INFO = YES;
				ONLY_ACTIVE_ARCH = YES;
				SDKROOT = iphoneos;
			};
			name = Debug;
		};
		6E238EC8201FFF5200E88FBE /* Release */ = {
			isa = XCBuildConfiguration;
			buildSettings = {
				ALWAYS_SEARCH_USER_PATHS = NO;
				CLANG_ANALYZER_NONNULL = YES;
				CLANG_ANALYZER_NUMBER_OBJECT_CONVERSION = YES_AGGRESSIVE;
				CLANG_CXX_LANGUAGE_STANDARD = "gnu++14";
				CLANG_CXX_LIBRARY = "libc++";
				CLANG_ENABLE_MODULES = YES;
				CLANG_ENABLE_OBJC_ARC = YES;
				CLANG_WARN_BLOCK_CAPTURE_AUTORELEASING = YES;
				CLANG_WARN_BOOL_CONVERSION = YES;
				CLANG_WARN_COMMA = YES;
				CLANG_WARN_CONSTANT_CONVERSION = YES;
				CLANG_WARN_DIRECT_OBJC_ISA_USAGE = YES_ERROR;
				CLANG_WARN_DOCUMENTATION_COMMENTS = YES;
				CLANG_WARN_EMPTY_BODY = YES;
				CLANG_WARN_ENUM_CONVERSION = YES;
				CLANG_WARN_INFINITE_RECURSION = YES;
				CLANG_WARN_INT_CONVERSION = YES;
				CLANG_WARN_NON_LITERAL_NULL_CONVERSION = YES;
				CLANG_WARN_OBJC_LITERAL_CONVERSION = YES;
				CLANG_WARN_OBJC_ROOT_CLASS = YES_ERROR;
				CLANG_WARN_RANGE_LOOP_ANALYSIS = YES;
				CLANG_WARN_STRICT_PROTOTYPES = YES;
				CLANG_WARN_SUSPICIOUS_MOVE = YES;
				CLANG_WARN_UNGUARDED_AVAILABILITY = YES_AGGRESSIVE;
				CLANG_WARN_UNREACHABLE_CODE = YES;
				CLANG_WARN__DUPLICATE_METHOD_MATCH = YES;
				CODE_SIGN_IDENTITY = "iPhone Developer";
				COPY_PHASE_STRIP = NO;
				DEBUG_INFORMATION_FORMAT = "dwarf-with-dsym";
				ENABLE_NS_ASSERTIONS = NO;
				ENABLE_STRICT_OBJC_MSGSEND = YES;
				GCC_C_LANGUAGE_STANDARD = gnu11;
				GCC_NO_COMMON_BLOCKS = YES;
				GCC_WARN_64_TO_32_BIT_CONVERSION = YES;
				GCC_WARN_ABOUT_RETURN_TYPE = YES_ERROR;
				GCC_WARN_UNDECLARED_SELECTOR = YES;
				GCC_WARN_UNINITIALIZED_AUTOS = YES_AGGRESSIVE;
				GCC_WARN_UNUSED_FUNCTION = YES;
				GCC_WARN_UNUSED_VARIABLE = YES;
				IPHONEOS_DEPLOYMENT_TARGET = 11.2;
				MTL_ENABLE_DEBUG_INFO = NO;
				SDKROOT = iphoneos;
				VALIDATE_PRODUCT = YES;
			};
			name = Release;
		};
		6E238ECA201FFF5200E88FBE /* Debug */ = {
			isa = XCBuildConfiguration;
			buildSettings = {
				ASSETCATALOG_COMPILER_APPICON_NAME = AppIcon;
				CODE_SIGN_STYLE = Automatic;
				INFOPLIST_FILE = callkitdemo/Info.plist;
				LD_RUNPATH_SEARCH_PATHS = "$(inherited) @executable_path/Frameworks";
				PRODUCT_BUNDLE_IDENTIFIER = com.NetworkDemo.callkitdemo;
				PRODUCT_NAME = "$(TARGET_NAME)";
				TARGETED_DEVICE_FAMILY = "1,2";
			};
			name = Debug;
		};
		6E238ECB201FFF5200E88FBE /* Release */ = {
			isa = XCBuildConfiguration;
			buildSettings = {
				ASSETCATALOG_COMPILER_APPICON_NAME = AppIcon;
				CODE_SIGN_STYLE = Automatic;
				INFOPLIST_FILE = callkitdemo/Info.plist;
				LD_RUNPATH_SEARCH_PATHS = "$(inherited) @executable_path/Frameworks";
				PRODUCT_BUNDLE_IDENTIFIER = com.NetworkDemo.callkitdemo;
				PRODUCT_NAME = "$(TARGET_NAME)";
				TARGETED_DEVICE_FAMILY = "1,2";
			};
			name = Release;
		};
		6E238EDA201FFFB200E88FBE /* Debug */ = {
			isa = XCBuildConfiguration;
			buildSettings = {
				ARCHS = "$(ARCHS_STANDARD_64_BIT)";
				CODE_SIGN_STYLE = Automatic;
				INFOPLIST_FILE = callExtension/Info.plist;
				LD_RUNPATH_SEARCH_PATHS = "$(inherited) @executable_path/Frameworks @executable_path/../../Frameworks";
				PRODUCT_BUNDLE_IDENTIFIER = com.NetworkDemo.callkitdemo.callExtension;
				PRODUCT_NAME = "$(TARGET_NAME)";
				SKIP_INSTALL = YES;
				TARGETED_DEVICE_FAMILY = "1,2";
			};
			name = Debug;
		};
		6E238EDB201FFFB200E88FBE /* Release */ = {
			isa = XCBuildConfiguration;
			buildSettings = {
				ARCHS = "$(ARCHS_STANDARD_64_BIT)";
				CODE_SIGN_STYLE = Automatic;
				INFOPLIST_FILE = callExtension/Info.plist;
				LD_RUNPATH_SEARCH_PATHS = "$(inherited) @executable_path/Frameworks @executable_path/../../Frameworks";
				PRODUCT_BUNDLE_IDENTIFIER = com.NetworkDemo.callkitdemo.callExtension;
				PRODUCT_NAME = "$(TARGET_NAME)";
				SKIP_INSTALL = YES;
				TARGETED_DEVICE_FAMILY = "1,2";
			};
			name = Release;
		};
/* End XCBuildConfiguration section */

/* Begin XCConfigurationList section */
		6E238EAE201FFF5200E88FBE /* Build configuration list for PBXProject "callkitdemo" */ = {
			isa = XCConfigurationList;
			buildConfigurations = (
				6E238EC7201FFF5200E88FBE /* Debug */,
				6E238EC8201FFF5200E88FBE /* Release */,
			);
			defaultConfigurationIsVisible = 0;
			defaultConfigurationName = Release;
		};
		6E238EC9201FFF5200E88FBE /* Build configuration list for PBXNativeTarget "callkitdemo" */ = {
			isa = XCConfigurationList;
			buildConfigurations = (
				6E238ECA201FFF5200E88FBE /* Debug */,
				6E238ECB201FFF5200E88FBE /* Release */,
			);
			defaultConfigurationIsVisible = 0;
			defaultConfigurationName = Release;
		};
		6E238ED9201FFFB200E88FBE /* Build configuration list for PBXNativeTarget "callExtension" */ = {
			isa = XCConfigurationList;
			buildConfigurations = (
				6E238EDA201FFFB200E88FBE /* Debug */,
				6E238EDB201FFFB200E88FBE /* Release */,
			);
			defaultConfigurationIsVisible = 0;
			defaultConfigurationName = Release;
		};
/* End XCConfigurationList section */
	};
	rootObject = 6E238EAB201FFF5200E88FBE /* Project object */;
}
